
Microsoft Visual Studio Solution File, Format Version 12.00
# Visual Studio Version 17
VisualStudioVersion = 17.4.33205.214
MinimumVisualStudioVersion = 10.0.40219.1
Project("{FAE04EC0-301F-11D3-BF4B-00C04F79EFBC}") = "Zoo", "Zoo\Zoo.csproj", "{88BDBB12-CBA5-4336-BECE-AFA1395CC191}"
EndProject
Global
	GlobalSection(SolutionConfigurationPlatforms) = preSolution
		Debug|Any CPU = Debug|Any CPU
		Release|Any CPU = Release|Any CPU
	EndGlobalSection
	GlobalSection(ProjectConfigurationPlatforms) = postSolution
		{88BDBB12-CBA5-4336-BECE-AFA1395CC191}.Debug|Any CPU.ActiveCfg = Debug|Any CPU
		{88BDBB12-CBA5-4336-BECE-AFA1395CC191}.Debug|Any CPU.Build.0 = Debug|Any CPU
		{88BDBB12-CBA5-4336-BECE-AFA1395CC191}.Release|Any CPU.ActiveCfg = Release|Any CPU
		{88BDBB12-CBA5-4336-BECE-AFA1395CC191}.Release|Any CPU.Build.0 = Release|Any CPU
	EndGlobalSection
	GlobalSection(SolutionProperties) = preSolution
		HideSolutionNode = FALSE
	EndGlobalSection
	GlobalSection(ExtensibilityGlobals) = postSolution
		SolutionGuid = {5E3BD19A-5547-47A1-BE73-2FCB845633D9}
	EndGlobalSection
EndGlobal
